{
  "name": "@gitul/dbdough-mysql",
  "version": "1.0.0",
  "lockfileVersion": 1,
  "requires": true,
  "dependencies": {
    "@gitul/dbdough": {
      "version": "git+https://github.com/gitulamy/dbdough.git#cf62ca34cf6f2399ae160a5e4ff0f2a7d65cfc59",
      "from": "git+https://github.com/gitulamy/dbdough.git#develop"
    }
  }
}
